
Microsoft Visual Studio Solution File, Format Version 12.00
# Visual Studio 14
VisualStudioVersion = 14.0.25420.1
MinimumVisualStudioVersion = 10.0.40219.1
Project("{FAE04EC0-301F-11D3-BF4B-00C04F79EFBC}") = "Zero_To_FileWrite", "Zero_To_FileWrite\Zero_To_FileWrite.csproj", "{C5B82FDF-BBAF-47E7-9A5C-70FD3C4BFD21}"
EndProject
Project("{FAE04EC0-301F-11D3-BF4B-00C04F79EFBC}") = "WriteToByte_Demo", "WriteToByte_Demo\WriteToByte_Demo.csproj", "{EF811B58-E1C0-4BE0-8E4F-D37E06C8E647}"
EndProject
Project("{FAE04EC0-301F-11D3-BF4B-00C04F79EFBC}") = "StringSubString", "StringSubString\StringSubString.csproj", "{C009BE8C-D56F-4808-B296-0B7E8820701F}"
EndProject
Project("{FAE04EC0-301F-11D3-BF4B-00C04F79EFBC}") = "WriteAllLines_Demo", "WriteAllLines_Demo\WriteAllLines_Demo.csproj", "{D6934CDC-B617-40A9-93A3-D593D550327D}"
EndProject
Project("{FAE04EC0-301F-11D3-BF4B-00C04F79EFBC}") = "CurrentCulture_Change", "CurrentCulture_Change\CurrentCulture_Change.csproj", "{3D68D8E4-8EAA-4261-A63C-0F6B61C9169C}"
EndProject
Project("{FAE04EC0-301F-11D3-BF4B-00C04F79EFBC}") = "FileSystemEventArgs", "FileSystemEventArgs\FileSystemEventArgs.csproj", "{0B5D68ED-65B0-4B0F-ADDB-26C7A853AAF2}"
EndProject
Project("{FAE04EC0-301F-11D3-BF4B-00C04F79EFBC}") = "FileSystemWatcher_Form", "FileSystemWatcher_Form\FileSystemWatcher_Form.csproj", "{3FBEB7A8-523A-49A5-97DE-E6B8996A8154}"
EndProject
Project("{FAE04EC0-301F-11D3-BF4B-00C04F79EFBC}") = "File_Log_Demo", "File_Log_Demo\File_Log_Demo.csproj", "{F19CE301-ACF9-48AD-A1ED-14911F3A1C93}"
EndProject
Project("{FAE04EC0-301F-11D3-BF4B-00C04F79EFBC}") = "FileContentDelete", "FileContentDelete\FileContentDelete.csproj", "{541B70DE-D50E-442F-A2AB-C6437B701EC8}"
EndProject
Project("{FAE04EC0-301F-11D3-BF4B-00C04F79EFBC}") = "MemoryMappingFiles", "MemoryMappingFiles\MemoryMappingFiles.csproj", "{D08AE750-D913-4CD0-9C78-6FA5405E7F3D}"
EndProject
Project("{FAE04EC0-301F-11D3-BF4B-00C04F79EFBC}") = "FileContentDelete2", "FileContentDelete2\FileContentDelete2.csproj", "{CFE8D12B-B2F1-4358-8380-46C30C5B082E}"
EndProject
Project("{FAE04EC0-301F-11D3-BF4B-00C04F79EFBC}") = "FoldersFilesDeepScan", "FoldersFilesDeepScan\FoldersFilesDeepScan.csproj", "{C730C632-4F03-4F7E-8E20-0826EAE5F5B5}"
EndProject
Project("{FAE04EC0-301F-11D3-BF4B-00C04F79EFBC}") = "AsyncProgressBar", "AsyncProgressBar\AsyncProgressBar.csproj", "{9500B2B8-100E-4945-B940-85384E8D8C68}"
EndProject
Project("{FAE04EC0-301F-11D3-BF4B-00C04F79EFBC}") = "WPFTaskBarProgress", "WPFTaskBarProgress\WPFTaskBarProgress.csproj", "{3659BB4C-AD23-4357-B9D7-A4B3841BE9AE}"
EndProject
Project("{FAE04EC0-301F-11D3-BF4B-00C04F79EFBC}") = "WPF_FileContentDelete", "WPF_FileContentDelete\WPF_FileContentDelete.csproj", "{83B43BEB-3E8B-4E13-8DB0-E89E68FE37B6}"
EndProject
Project("{FAE04EC0-301F-11D3-BF4B-00C04F79EFBC}") = "WPF_FileContentDelete2", "WPF_FileContentDelete2\WPF_FileContentDelete2.csproj", "{6470F2FA-04D9-495B-AE5A-C4F459816303}"
EndProject
Global
	GlobalSection(SolutionConfigurationPlatforms) = preSolution
		Debug|Any CPU = Debug|Any CPU
		Debug|ARM = Debug|ARM
		Debug|x64 = Debug|x64
		Debug|x86 = Debug|x86
		Release|Any CPU = Release|Any CPU
		Release|ARM = Release|ARM
		Release|x64 = Release|x64
		Release|x86 = Release|x86
	EndGlobalSection
	GlobalSection(ProjectConfigurationPlatforms) = postSolution
		{C5B82FDF-BBAF-47E7-9A5C-70FD3C4BFD21}.Debug|Any CPU.ActiveCfg = Debug|Any CPU
		{C5B82FDF-BBAF-47E7-9A5C-70FD3C4BFD21}.Debug|Any CPU.Build.0 = Debug|Any CPU
		{C5B82FDF-BBAF-47E7-9A5C-70FD3C4BFD21}.Debug|ARM.ActiveCfg = Debug|Any CPU
		{C5B82FDF-BBAF-47E7-9A5C-70FD3C4BFD21}.Debug|ARM.Build.0 = Debug|Any CPU
		{C5B82FDF-BBAF-47E7-9A5C-70FD3C4BFD21}.Debug|x64.ActiveCfg = Debug|x64
		{C5B82FDF-BBAF-47E7-9A5C-70FD3C4BFD21}.Debug|x64.Build.0 = Debug|x64
		{C5B82FDF-BBAF-47E7-9A5C-70FD3C4BFD21}.Debug|x86.ActiveCfg = Debug|Any CPU
		{C5B82FDF-BBAF-47E7-9A5C-70FD3C4BFD21}.Debug|x86.Build.0 = Debug|Any CPU
		{C5B82FDF-BBAF-47E7-9A5C-70FD3C4BFD21}.Release|Any CPU.ActiveCfg = Release|Any CPU
		{C5B82FDF-BBAF-47E7-9A5C-70FD3C4BFD21}.Release|Any CPU.Build.0 = Release|Any CPU
		{C5B82FDF-BBAF-47E7-9A5C-70FD3C4BFD21}.Release|ARM.ActiveCfg = Release|Any CPU
		{C5B82FDF-BBAF-47E7-9A5C-70FD3C4BFD21}.Release|ARM.Build.0 = Release|Any CPU
		{C5B82FDF-BBAF-47E7-9A5C-70FD3C4BFD21}.Release|x64.ActiveCfg = Release|x64
		{C5B82FDF-BBAF-47E7-9A5C-70FD3C4BFD21}.Release|x64.Build.0 = Release|x64
		{C5B82FDF-BBAF-47E7-9A5C-70FD3C4BFD21}.Release|x86.ActiveCfg = Release|Any CPU
		{C5B82FDF-BBAF-47E7-9A5C-70FD3C4BFD21}.Release|x86.Build.0 = Release|Any CPU
		{EF811B58-E1C0-4BE0-8E4F-D37E06C8E647}.Debug|Any CPU.ActiveCfg = Debug|Any CPU
		{EF811B58-E1C0-4BE0-8E4F-D37E06C8E647}.Debug|Any CPU.Build.0 = Debug|Any CPU
		{EF811B58-E1C0-4BE0-8E4F-D37E06C8E647}.Debug|ARM.ActiveCfg = Debug|Any CPU
		{EF811B58-E1C0-4BE0-8E4F-D37E06C8E647}.Debug|ARM.Build.0 = Debug|Any CPU
		{EF811B58-E1C0-4BE0-8E4F-D37E06C8E647}.Debug|x64.ActiveCfg = Debug|x64
		{EF811B58-E1C0-4BE0-8E4F-D37E06C8E647}.Debug|x64.Build.0 = Debug|x64
		{EF811B58-E1C0-4BE0-8E4F-D37E06C8E647}.Debug|x86.ActiveCfg = Debug|Any CPU
		{EF811B58-E1C0-4BE0-8E4F-D37E06C8E647}.Debug|x86.Build.0 = Debug|Any CPU
		{EF811B58-E1C0-4BE0-8E4F-D37E06C8E647}.Release|Any CPU.ActiveCfg = Release|Any CPU
		{EF811B58-E1C0-4BE0-8E4F-D37E06C8E647}.Release|Any CPU.Build.0 = Release|Any CPU
		{EF811B58-E1C0-4BE0-8E4F-D37E06C8E647}.Release|ARM.ActiveCfg = Release|Any CPU
		{EF811B58-E1C0-4BE0-8E4F-D37E06C8E647}.Release|ARM.Build.0 = Release|Any CPU
		{EF811B58-E1C0-4BE0-8E4F-D37E06C8E647}.Release|x64.ActiveCfg = Release|x64
		{EF811B58-E1C0-4BE0-8E4F-D37E06C8E647}.Release|x64.Build.0 = Release|x64
		{EF811B58-E1C0-4BE0-8E4F-D37E06C8E647}.Release|x86.ActiveCfg = Release|Any CPU
		{EF811B58-E1C0-4BE0-8E4F-D37E06C8E647}.Release|x86.Build.0 = Release|Any CPU
		{C009BE8C-D56F-4808-B296-0B7E8820701F}.Debug|Any CPU.ActiveCfg = Debug|Any CPU
		{C009BE8C-D56F-4808-B296-0B7E8820701F}.Debug|Any CPU.Build.0 = Debug|Any CPU
		{C009BE8C-D56F-4808-B296-0B7E8820701F}.Debug|ARM.ActiveCfg = Debug|Any CPU
		{C009BE8C-D56F-4808-B296-0B7E8820701F}.Debug|ARM.Build.0 = Debug|Any CPU
		{C009BE8C-D56F-4808-B296-0B7E8820701F}.Debug|x64.ActiveCfg = Debug|x64
		{C009BE8C-D56F-4808-B296-0B7E8820701F}.Debug|x64.Build.0 = Debug|x64
		{C009BE8C-D56F-4808-B296-0B7E8820701F}.Debug|x86.ActiveCfg = Debug|Any CPU
		{C009BE8C-D56F-4808-B296-0B7E8820701F}.Debug|x86.Build.0 = Debug|Any CPU
		{C009BE8C-D56F-4808-B296-0B7E8820701F}.Release|Any CPU.ActiveCfg = Release|Any CPU
		{C009BE8C-D56F-4808-B296-0B7E8820701F}.Release|Any CPU.Build.0 = Release|Any CPU
		{C009BE8C-D56F-4808-B296-0B7E8820701F}.Release|ARM.ActiveCfg = Release|Any CPU
		{C009BE8C-D56F-4808-B296-0B7E8820701F}.Release|ARM.Build.0 = Release|Any CPU
		{C009BE8C-D56F-4808-B296-0B7E8820701F}.Release|x64.ActiveCfg = Release|x64
		{C009BE8C-D56F-4808-B296-0B7E8820701F}.Release|x64.Build.0 = Release|x64
		{C009BE8C-D56F-4808-B296-0B7E8820701F}.Release|x86.ActiveCfg = Release|Any CPU
		{C009BE8C-D56F-4808-B296-0B7E8820701F}.Release|x86.Build.0 = Release|Any CPU
		{D6934CDC-B617-40A9-93A3-D593D550327D}.Debug|Any CPU.ActiveCfg = Debug|Any CPU
		{D6934CDC-B617-40A9-93A3-D593D550327D}.Debug|Any CPU.Build.0 = Debug|Any CPU
		{D6934CDC-B617-40A9-93A3-D593D550327D}.Debug|ARM.ActiveCfg = Debug|Any CPU
		{D6934CDC-B617-40A9-93A3-D593D550327D}.Debug|ARM.Build.0 = Debug|Any CPU
		{D6934CDC-B617-40A9-93A3-D593D550327D}.Debug|x64.ActiveCfg = Debug|x64
		{D6934CDC-B617-40A9-93A3-D593D550327D}.Debug|x64.Build.0 = Debug|x64
		{D6934CDC-B617-40A9-93A3-D593D550327D}.Debug|x86.ActiveCfg = Debug|Any CPU
		{D6934CDC-B617-40A9-93A3-D593D550327D}.Debug|x86.Build.0 = Debug|Any CPU
		{D6934CDC-B617-40A9-93A3-D593D550327D}.Release|Any CPU.ActiveCfg = Release|Any CPU
		{D6934CDC-B617-40A9-93A3-D593D550327D}.Release|Any CPU.Build.0 = Release|Any CPU
		{D6934CDC-B617-40A9-93A3-D593D550327D}.Release|ARM.ActiveCfg = Release|Any CPU
		{D6934CDC-B617-40A9-93A3-D593D550327D}.Release|ARM.Build.0 = Release|Any CPU
		{D6934CDC-B617-40A9-93A3-D593D550327D}.Release|x64.ActiveCfg = Release|x64
		{D6934CDC-B617-40A9-93A3-D593D550327D}.Release|x64.Build.0 = Release|x64
		{D6934CDC-B617-40A9-93A3-D593D550327D}.Release|x86.ActiveCfg = Release|Any CPU
		{D6934CDC-B617-40A9-93A3-D593D550327D}.Release|x86.Build.0 = Release|Any CPU
		{3D68D8E4-8EAA-4261-A63C-0F6B61C9169C}.Debug|Any CPU.ActiveCfg = Debug|Any CPU
		{3D68D8E4-8EAA-4261-A63C-0F6B61C9169C}.Debug|Any CPU.Build.0 = Debug|Any CPU
		{3D68D8E4-8EAA-4261-A63C-0F6B61C9169C}.Debug|ARM.ActiveCfg = Debug|Any CPU
		{3D68D8E4-8EAA-4261-A63C-0F6B61C9169C}.Debug|ARM.Build.0 = Debug|Any CPU
		{3D68D8E4-8EAA-4261-A63C-0F6B61C9169C}.Debug|x64.ActiveCfg = Debug|x64
		{3D68D8E4-8EAA-4261-A63C-0F6B61C9169C}.Debug|x64.Build.0 = Debug|x64
		{3D68D8E4-8EAA-4261-A63C-0F6B61C9169C}.Debug|x86.ActiveCfg = Debug|Any CPU
		{3D68D8E4-8EAA-4261-A63C-0F6B61C9169C}.Debug|x86.Build.0 = Debug|Any CPU
		{3D68D8E4-8EAA-4261-A63C-0F6B61C9169C}.Release|Any CPU.ActiveCfg = Release|Any CPU
		{3D68D8E4-8EAA-4261-A63C-0F6B61C9169C}.Release|Any CPU.Build.0 = Release|Any CPU
		{3D68D8E4-8EAA-4261-A63C-0F6B61C9169C}.Release|ARM.ActiveCfg = Release|Any CPU
		{3D68D8E4-8EAA-4261-A63C-0F6B61C9169C}.Release|ARM.Build.0 = Release|Any CPU
		{3D68D8E4-8EAA-4261-A63C-0F6B61C9169C}.Release|x64.ActiveCfg = Release|x64
		{3D68D8E4-8EAA-4261-A63C-0F6B61C9169C}.Release|x64.Build.0 = Release|x64
		{3D68D8E4-8EAA-4261-A63C-0F6B61C9169C}.Release|x86.ActiveCfg = Release|Any CPU
		{3D68D8E4-8EAA-4261-A63C-0F6B61C9169C}.Release|x86.Build.0 = Release|Any CPU
		{0B5D68ED-65B0-4B0F-ADDB-26C7A853AAF2}.Debug|Any CPU.ActiveCfg = Debug|Any CPU
		{0B5D68ED-65B0-4B0F-ADDB-26C7A853AAF2}.Debug|Any CPU.Build.0 = Debug|Any CPU
		{0B5D68ED-65B0-4B0F-ADDB-26C7A853AAF2}.Debug|ARM.ActiveCfg = Debug|Any CPU
		{0B5D68ED-65B0-4B0F-ADDB-26C7A853AAF2}.Debug|ARM.Build.0 = Debug|Any CPU
		{0B5D68ED-65B0-4B0F-ADDB-26C7A853AAF2}.Debug|x64.ActiveCfg = Debug|x64
		{0B5D68ED-65B0-4B0F-ADDB-26C7A853AAF2}.Debug|x64.Build.0 = Debug|x64
		{0B5D68ED-65B0-4B0F-ADDB-26C7A853AAF2}.Debug|x86.ActiveCfg = Debug|Any CPU
		{0B5D68ED-65B0-4B0F-ADDB-26C7A853AAF2}.Debug|x86.Build.0 = Debug|Any CPU
		{0B5D68ED-65B0-4B0F-ADDB-26C7A853AAF2}.Release|Any CPU.ActiveCfg = Release|Any CPU
		{0B5D68ED-65B0-4B0F-ADDB-26C7A853AAF2}.Release|Any CPU.Build.0 = Release|Any CPU
		{0B5D68ED-65B0-4B0F-ADDB-26C7A853AAF2}.Release|ARM.ActiveCfg = Release|Any CPU
		{0B5D68ED-65B0-4B0F-ADDB-26C7A853AAF2}.Release|ARM.Build.0 = Release|Any CPU
		{0B5D68ED-65B0-4B0F-ADDB-26C7A853AAF2}.Release|x64.ActiveCfg = Release|x64
		{0B5D68ED-65B0-4B0F-ADDB-26C7A853AAF2}.Release|x64.Build.0 = Release|x64
		{0B5D68ED-65B0-4B0F-ADDB-26C7A853AAF2}.Release|x86.ActiveCfg = Release|Any CPU
		{0B5D68ED-65B0-4B0F-ADDB-26C7A853AAF2}.Release|x86.Build.0 = Release|Any CPU
		{3FBEB7A8-523A-49A5-97DE-E6B8996A8154}.Debug|Any CPU.ActiveCfg = Debug|Any CPU
		{3FBEB7A8-523A-49A5-97DE-E6B8996A8154}.Debug|Any CPU.Build.0 = Debug|Any CPU
		{3FBEB7A8-523A-49A5-97DE-E6B8996A8154}.Debug|ARM.ActiveCfg = Debug|Any CPU
		{3FBEB7A8-523A-49A5-97DE-E6B8996A8154}.Debug|ARM.Build.0 = Debug|Any CPU
		{3FBEB7A8-523A-49A5-97DE-E6B8996A8154}.Debug|x64.ActiveCfg = Debug|x64
		{3FBEB7A8-523A-49A5-97DE-E6B8996A8154}.Debug|x64.Build.0 = Debug|x64
		{3FBEB7A8-523A-49A5-97DE-E6B8996A8154}.Debug|x86.ActiveCfg = Debug|Any CPU
		{3FBEB7A8-523A-49A5-97DE-E6B8996A8154}.Debug|x86.Build.0 = Debug|Any CPU
		{3FBEB7A8-523A-49A5-97DE-E6B8996A8154}.Release|Any CPU.ActiveCfg = Release|Any CPU
		{3FBEB7A8-523A-49A5-97DE-E6B8996A8154}.Release|Any CPU.Build.0 = Release|Any CPU
		{3FBEB7A8-523A-49A5-97DE-E6B8996A8154}.Release|ARM.ActiveCfg = Release|Any CPU
		{3FBEB7A8-523A-49A5-97DE-E6B8996A8154}.Release|ARM.Build.0 = Release|Any CPU
		{3FBEB7A8-523A-49A5-97DE-E6B8996A8154}.Release|x64.ActiveCfg = Release|x64
		{3FBEB7A8-523A-49A5-97DE-E6B8996A8154}.Release|x64.Build.0 = Release|x64
		{3FBEB7A8-523A-49A5-97DE-E6B8996A8154}.Release|x86.ActiveCfg = Release|Any CPU
		{3FBEB7A8-523A-49A5-97DE-E6B8996A8154}.Release|x86.Build.0 = Release|Any CPU
		{F19CE301-ACF9-48AD-A1ED-14911F3A1C93}.Debug|Any CPU.ActiveCfg = Debug|Any CPU
		{F19CE301-ACF9-48AD-A1ED-14911F3A1C93}.Debug|Any CPU.Build.0 = Debug|Any CPU
		{F19CE301-ACF9-48AD-A1ED-14911F3A1C93}.Debug|ARM.ActiveCfg = Debug|Any CPU
		{F19CE301-ACF9-48AD-A1ED-14911F3A1C93}.Debug|ARM.Build.0 = Debug|Any CPU
		{F19CE301-ACF9-48AD-A1ED-14911F3A1C93}.Debug|x64.ActiveCfg = Debug|x64
		{F19CE301-ACF9-48AD-A1ED-14911F3A1C93}.Debug|x64.Build.0 = Debug|x64
		{F19CE301-ACF9-48AD-A1ED-14911F3A1C93}.Debug|x86.ActiveCfg = Debug|Any CPU
		{F19CE301-ACF9-48AD-A1ED-14911F3A1C93}.Debug|x86.Build.0 = Debug|Any CPU
		{F19CE301-ACF9-48AD-A1ED-14911F3A1C93}.Release|Any CPU.ActiveCfg = Release|Any CPU
		{F19CE301-ACF9-48AD-A1ED-14911F3A1C93}.Release|Any CPU.Build.0 = Release|Any CPU
		{F19CE301-ACF9-48AD-A1ED-14911F3A1C93}.Release|ARM.ActiveCfg = Release|Any CPU
		{F19CE301-ACF9-48AD-A1ED-14911F3A1C93}.Release|ARM.Build.0 = Release|Any CPU
		{F19CE301-ACF9-48AD-A1ED-14911F3A1C93}.Release|x64.ActiveCfg = Release|x64
		{F19CE301-ACF9-48AD-A1ED-14911F3A1C93}.Release|x64.Build.0 = Release|x64
		{F19CE301-ACF9-48AD-A1ED-14911F3A1C93}.Release|x86.ActiveCfg = Release|Any CPU
		{F19CE301-ACF9-48AD-A1ED-14911F3A1C93}.Release|x86.Build.0 = Release|Any CPU
		{541B70DE-D50E-442F-A2AB-C6437B701EC8}.Debug|Any CPU.ActiveCfg = Debug|Any CPU
		{541B70DE-D50E-442F-A2AB-C6437B701EC8}.Debug|Any CPU.Build.0 = Debug|Any CPU
		{541B70DE-D50E-442F-A2AB-C6437B701EC8}.Debug|ARM.ActiveCfg = Debug|Any CPU
		{541B70DE-D50E-442F-A2AB-C6437B701EC8}.Debug|ARM.Build.0 = Debug|Any CPU
		{541B70DE-D50E-442F-A2AB-C6437B701EC8}.Debug|x64.ActiveCfg = Debug|x64
		{541B70DE-D50E-442F-A2AB-C6437B701EC8}.Debug|x64.Build.0 = Debug|x64
		{541B70DE-D50E-442F-A2AB-C6437B701EC8}.Debug|x86.ActiveCfg = Debug|Any CPU
		{541B70DE-D50E-442F-A2AB-C6437B701EC8}.Debug|x86.Build.0 = Debug|Any CPU
		{541B70DE-D50E-442F-A2AB-C6437B701EC8}.Release|Any CPU.ActiveCfg = Release|Any CPU
		{541B70DE-D50E-442F-A2AB-C6437B701EC8}.Release|Any CPU.Build.0 = Release|Any CPU
		{541B70DE-D50E-442F-A2AB-C6437B701EC8}.Release|ARM.ActiveCfg = Release|Any CPU
		{541B70DE-D50E-442F-A2AB-C6437B701EC8}.Release|ARM.Build.0 = Release|Any CPU
		{541B70DE-D50E-442F-A2AB-C6437B701EC8}.Release|x64.ActiveCfg = Release|x64
		{541B70DE-D50E-442F-A2AB-C6437B701EC8}.Release|x64.Build.0 = Release|x64
		{541B70DE-D50E-442F-A2AB-C6437B701EC8}.Release|x86.ActiveCfg = Release|Any CPU
		{541B70DE-D50E-442F-A2AB-C6437B701EC8}.Release|x86.Build.0 = Release|Any CPU
		{D08AE750-D913-4CD0-9C78-6FA5405E7F3D}.Debug|Any CPU.ActiveCfg = Debug|Any CPU
		{D08AE750-D913-4CD0-9C78-6FA5405E7F3D}.Debug|Any CPU.Build.0 = Debug|Any CPU
		{D08AE750-D913-4CD0-9C78-6FA5405E7F3D}.Debug|ARM.ActiveCfg = Debug|Any CPU
		{D08AE750-D913-4CD0-9C78-6FA5405E7F3D}.Debug|ARM.Build.0 = Debug|Any CPU
		{D08AE750-D913-4CD0-9C78-6FA5405E7F3D}.Debug|x64.ActiveCfg = Debug|Any CPU
		{D08AE750-D913-4CD0-9C78-6FA5405E7F3D}.Debug|x64.Build.0 = Debug|Any CPU
		{D08AE750-D913-4CD0-9C78-6FA5405E7F3D}.Debug|x86.ActiveCfg = Debug|Any CPU
		{D08AE750-D913-4CD0-9C78-6FA5405E7F3D}.Debug|x86.Build.0 = Debug|Any CPU
		{D08AE750-D913-4CD0-9C78-6FA5405E7F3D}.Release|Any CPU.ActiveCfg = Release|Any CPU
		{D08AE750-D913-4CD0-9C78-6FA5405E7F3D}.Release|Any CPU.Build.0 = Release|Any CPU
		{D08AE750-D913-4CD0-9C78-6FA5405E7F3D}.Release|ARM.ActiveCfg = Release|Any CPU
		{D08AE750-D913-4CD0-9C78-6FA5405E7F3D}.Release|ARM.Build.0 = Release|Any CPU
		{D08AE750-D913-4CD0-9C78-6FA5405E7F3D}.Release|x64.ActiveCfg = Release|Any CPU
		{D08AE750-D913-4CD0-9C78-6FA5405E7F3D}.Release|x64.Build.0 = Release|Any CPU
		{D08AE750-D913-4CD0-9C78-6FA5405E7F3D}.Release|x86.ActiveCfg = Release|Any CPU
		{D08AE750-D913-4CD0-9C78-6FA5405E7F3D}.Release|x86.Build.0 = Release|Any CPU
		{CFE8D12B-B2F1-4358-8380-46C30C5B082E}.Debug|Any CPU.ActiveCfg = Debug|Any CPU
		{CFE8D12B-B2F1-4358-8380-46C30C5B082E}.Debug|Any CPU.Build.0 = Debug|Any CPU
		{CFE8D12B-B2F1-4358-8380-46C30C5B082E}.Debug|ARM.ActiveCfg = Debug|Any CPU
		{CFE8D12B-B2F1-4358-8380-46C30C5B082E}.Debug|ARM.Build.0 = Debug|Any CPU
		{CFE8D12B-B2F1-4358-8380-46C30C5B082E}.Debug|x64.ActiveCfg = Debug|x64
		{CFE8D12B-B2F1-4358-8380-46C30C5B082E}.Debug|x64.Build.0 = Debug|x64
		{CFE8D12B-B2F1-4358-8380-46C30C5B082E}.Debug|x86.ActiveCfg = Debug|Any CPU
		{CFE8D12B-B2F1-4358-8380-46C30C5B082E}.Debug|x86.Build.0 = Debug|Any CPU
		{CFE8D12B-B2F1-4358-8380-46C30C5B082E}.Release|Any CPU.ActiveCfg = Release|Any CPU
		{CFE8D12B-B2F1-4358-8380-46C30C5B082E}.Release|Any CPU.Build.0 = Release|Any CPU
		{CFE8D12B-B2F1-4358-8380-46C30C5B082E}.Release|ARM.ActiveCfg = Release|Any CPU
		{CFE8D12B-B2F1-4358-8380-46C30C5B082E}.Release|ARM.Build.0 = Release|Any CPU
		{CFE8D12B-B2F1-4358-8380-46C30C5B082E}.Release|x64.ActiveCfg = Release|x64
		{CFE8D12B-B2F1-4358-8380-46C30C5B082E}.Release|x64.Build.0 = Release|x64
		{CFE8D12B-B2F1-4358-8380-46C30C5B082E}.Release|x86.ActiveCfg = Release|Any CPU
		{CFE8D12B-B2F1-4358-8380-46C30C5B082E}.Release|x86.Build.0 = Release|Any CPU
		{C730C632-4F03-4F7E-8E20-0826EAE5F5B5}.Debug|Any CPU.ActiveCfg = Debug|Any CPU
		{C730C632-4F03-4F7E-8E20-0826EAE5F5B5}.Debug|Any CPU.Build.0 = Debug|Any CPU
		{C730C632-4F03-4F7E-8E20-0826EAE5F5B5}.Debug|ARM.ActiveCfg = Debug|Any CPU
		{C730C632-4F03-4F7E-8E20-0826EAE5F5B5}.Debug|ARM.Build.0 = Debug|Any CPU
		{C730C632-4F03-4F7E-8E20-0826EAE5F5B5}.Debug|x64.ActiveCfg = Debug|Any CPU
		{C730C632-4F03-4F7E-8E20-0826EAE5F5B5}.Debug|x64.Build.0 = Debug|Any CPU
		{C730C632-4F03-4F7E-8E20-0826EAE5F5B5}.Debug|x86.ActiveCfg = Debug|Any CPU
		{C730C632-4F03-4F7E-8E20-0826EAE5F5B5}.Debug|x86.Build.0 = Debug|Any CPU
		{C730C632-4F03-4F7E-8E20-0826EAE5F5B5}.Release|Any CPU.ActiveCfg = Release|Any CPU
		{C730C632-4F03-4F7E-8E20-0826EAE5F5B5}.Release|Any CPU.Build.0 = Release|Any CPU
		{C730C632-4F03-4F7E-8E20-0826EAE5F5B5}.Release|ARM.ActiveCfg = Release|Any CPU
		{C730C632-4F03-4F7E-8E20-0826EAE5F5B5}.Release|ARM.Build.0 = Release|Any CPU
		{C730C632-4F03-4F7E-8E20-0826EAE5F5B5}.Release|x64.ActiveCfg = Release|Any CPU
		{C730C632-4F03-4F7E-8E20-0826EAE5F5B5}.Release|x64.Build.0 = Release|Any CPU
		{C730C632-4F03-4F7E-8E20-0826EAE5F5B5}.Release|x86.ActiveCfg = Release|Any CPU
		{C730C632-4F03-4F7E-8E20-0826EAE5F5B5}.Release|x86.Build.0 = Release|Any CPU
		{9500B2B8-100E-4945-B940-85384E8D8C68}.Debug|Any CPU.ActiveCfg = Debug|Any CPU
		{9500B2B8-100E-4945-B940-85384E8D8C68}.Debug|Any CPU.Build.0 = Debug|Any CPU
		{9500B2B8-100E-4945-B940-85384E8D8C68}.Debug|ARM.ActiveCfg = Debug|Any CPU
		{9500B2B8-100E-4945-B940-85384E8D8C68}.Debug|ARM.Build.0 = Debug|Any CPU
		{9500B2B8-100E-4945-B940-85384E8D8C68}.Debug|x64.ActiveCfg = Debug|Any CPU
		{9500B2B8-100E-4945-B940-85384E8D8C68}.Debug|x64.Build.0 = Debug|Any CPU
		{9500B2B8-100E-4945-B940-85384E8D8C68}.Debug|x86.ActiveCfg = Debug|Any CPU
		{9500B2B8-100E-4945-B940-85384E8D8C68}.Debug|x86.Build.0 = Debug|Any CPU
		{9500B2B8-100E-4945-B940-85384E8D8C68}.Release|Any CPU.ActiveCfg = Release|Any CPU
		{9500B2B8-100E-4945-B940-85384E8D8C68}.Release|Any CPU.Build.0 = Release|Any CPU
		{9500B2B8-100E-4945-B940-85384E8D8C68}.Release|ARM.ActiveCfg = Release|Any CPU
		{9500B2B8-100E-4945-B940-85384E8D8C68}.Release|ARM.Build.0 = Release|Any CPU
		{9500B2B8-100E-4945-B940-85384E8D8C68}.Release|x64.ActiveCfg = Release|Any CPU
		{9500B2B8-100E-4945-B940-85384E8D8C68}.Release|x64.Build.0 = Release|Any CPU
		{9500B2B8-100E-4945-B940-85384E8D8C68}.Release|x86.ActiveCfg = Release|Any CPU
		{9500B2B8-100E-4945-B940-85384E8D8C68}.Release|x86.Build.0 = Release|Any CPU
		{3659BB4C-AD23-4357-B9D7-A4B3841BE9AE}.Debug|Any CPU.ActiveCfg = Debug|Any CPU
		{3659BB4C-AD23-4357-B9D7-A4B3841BE9AE}.Debug|Any CPU.Build.0 = Debug|Any CPU
		{3659BB4C-AD23-4357-B9D7-A4B3841BE9AE}.Debug|ARM.ActiveCfg = Debug|Any CPU
		{3659BB4C-AD23-4357-B9D7-A4B3841BE9AE}.Debug|ARM.Build.0 = Debug|Any CPU
		{3659BB4C-AD23-4357-B9D7-A4B3841BE9AE}.Debug|x64.ActiveCfg = Debug|Any CPU
		{3659BB4C-AD23-4357-B9D7-A4B3841BE9AE}.Debug|x64.Build.0 = Debug|Any CPU
		{3659BB4C-AD23-4357-B9D7-A4B3841BE9AE}.Debug|x86.ActiveCfg = Debug|Any CPU
		{3659BB4C-AD23-4357-B9D7-A4B3841BE9AE}.Debug|x86.Build.0 = Debug|Any CPU
		{3659BB4C-AD23-4357-B9D7-A4B3841BE9AE}.Release|Any CPU.ActiveCfg = Release|Any CPU
		{3659BB4C-AD23-4357-B9D7-A4B3841BE9AE}.Release|Any CPU.Build.0 = Release|Any CPU
		{3659BB4C-AD23-4357-B9D7-A4B3841BE9AE}.Release|ARM.ActiveCfg = Release|Any CPU
		{3659BB4C-AD23-4357-B9D7-A4B3841BE9AE}.Release|ARM.Build.0 = Release|Any CPU
		{3659BB4C-AD23-4357-B9D7-A4B3841BE9AE}.Release|x64.ActiveCfg = Release|Any CPU
		{3659BB4C-AD23-4357-B9D7-A4B3841BE9AE}.Release|x64.Build.0 = Release|Any CPU
		{3659BB4C-AD23-4357-B9D7-A4B3841BE9AE}.Release|x86.ActiveCfg = Release|Any CPU
		{3659BB4C-AD23-4357-B9D7-A4B3841BE9AE}.Release|x86.Build.0 = Release|Any CPU
		{83B43BEB-3E8B-4E13-8DB0-E89E68FE37B6}.Debug|Any CPU.ActiveCfg = Debug|Any CPU
		{83B43BEB-3E8B-4E13-8DB0-E89E68FE37B6}.Debug|Any CPU.Build.0 = Debug|Any CPU
		{83B43BEB-3E8B-4E13-8DB0-E89E68FE37B6}.Debug|ARM.ActiveCfg = Debug|Any CPU
		{83B43BEB-3E8B-4E13-8DB0-E89E68FE37B6}.Debug|ARM.Build.0 = Debug|Any CPU
		{83B43BEB-3E8B-4E13-8DB0-E89E68FE37B6}.Debug|x64.ActiveCfg = Debug|Any CPU
		{83B43BEB-3E8B-4E13-8DB0-E89E68FE37B6}.Debug|x64.Build.0 = Debug|Any CPU
		{83B43BEB-3E8B-4E13-8DB0-E89E68FE37B6}.Debug|x86.ActiveCfg = Debug|Any CPU
		{83B43BEB-3E8B-4E13-8DB0-E89E68FE37B6}.Debug|x86.Build.0 = Debug|Any CPU
		{83B43BEB-3E8B-4E13-8DB0-E89E68FE37B6}.Release|Any CPU.ActiveCfg = Release|Any CPU
		{83B43BEB-3E8B-4E13-8DB0-E89E68FE37B6}.Release|Any CPU.Build.0 = Release|Any CPU
		{83B43BEB-3E8B-4E13-8DB0-E89E68FE37B6}.Release|ARM.ActiveCfg = Release|Any CPU
		{83B43BEB-3E8B-4E13-8DB0-E89E68FE37B6}.Release|ARM.Build.0 = Release|Any CPU
		{83B43BEB-3E8B-4E13-8DB0-E89E68FE37B6}.Release|x64.ActiveCfg = Release|Any CPU
		{83B43BEB-3E8B-4E13-8DB0-E89E68FE37B6}.Release|x64.Build.0 = Release|Any CPU
		{83B43BEB-3E8B-4E13-8DB0-E89E68FE37B6}.Release|x86.ActiveCfg = Release|Any CPU
		{83B43BEB-3E8B-4E13-8DB0-E89E68FE37B6}.Release|x86.Build.0 = Release|Any CPU
		{6470F2FA-04D9-495B-AE5A-C4F459816303}.Debug|Any CPU.ActiveCfg = Debug|Any CPU
		{6470F2FA-04D9-495B-AE5A-C4F459816303}.Debug|Any CPU.Build.0 = Debug|Any CPU
		{6470F2FA-04D9-495B-AE5A-C4F459816303}.Debug|ARM.ActiveCfg = Debug|Any CPU
		{6470F2FA-04D9-495B-AE5A-C4F459816303}.Debug|ARM.Build.0 = Debug|Any CPU
		{6470F2FA-04D9-495B-AE5A-C4F459816303}.Debug|x64.ActiveCfg = Debug|Any CPU
		{6470F2FA-04D9-495B-AE5A-C4F459816303}.Debug|x64.Build.0 = Debug|Any CPU
		{6470F2FA-04D9-495B-AE5A-C4F459816303}.Debug|x86.ActiveCfg = Debug|Any CPU
		{6470F2FA-04D9-495B-AE5A-C4F459816303}.Debug|x86.Build.0 = Debug|Any CPU
		{6470F2FA-04D9-495B-AE5A-C4F459816303}.Release|Any CPU.ActiveCfg = Release|Any CPU
		{6470F2FA-04D9-495B-AE5A-C4F459816303}.Release|Any CPU.Build.0 = Release|Any CPU
		{6470F2FA-04D9-495B-AE5A-C4F459816303}.Release|ARM.ActiveCfg = Release|Any CPU
		{6470F2FA-04D9-495B-AE5A-C4F459816303}.Release|ARM.Build.0 = Release|Any CPU
		{6470F2FA-04D9-495B-AE5A-C4F459816303}.Release|x64.ActiveCfg = Release|Any CPU
		{6470F2FA-04D9-495B-AE5A-C4F459816303}.Release|x64.Build.0 = Release|Any CPU
		{6470F2FA-04D9-495B-AE5A-C4F459816303}.Release|x86.ActiveCfg = Release|Any CPU
		{6470F2FA-04D9-495B-AE5A-C4F459816303}.Release|x86.Build.0 = Release|Any CPU
	EndGlobalSection
	GlobalSection(SolutionProperties) = preSolution
		HideSolutionNode = FALSE
	EndGlobalSection
EndGlobal
